
Microsoft Visual Studio Solution File, Format Version 12.00
# Visual Studio 15
VisualStudioVersion = 15.0.27004.2005
MinimumVisualStudioVersion = 10.0.40219.1
Project("{9A19103F-16F7-4668-BE54-9A1E7A4F7556}") = "ThriftClient", "ThriftClient\ThriftClient.csproj", "{109AE08C-29D3-41CC-898F-A62E42D2E64A}"
EndProject
Project("{9A19103F-16F7-4668-BE54-9A1E7A4F7556}") = "ThriftLibrary", "ThriftLibrary\ThriftLibrary.csproj", "{ED002BF2-9450-4932-8D4F-3D0E7D3BED99}"
EndProject
Project("{FAE04EC0-301F-11D3-BF4B-00C04F79EFBC}") = "ThriftServer", "ThriftServer\ThriftServer.csproj", "{DF52B00B-0B1E-4122-9251-054CDEFADF78}"
EndProject
Global
	GlobalSection(SolutionConfigurationPlatforms) = preSolution
		Debug|Any CPU = Debug|Any CPU
		Release|Any CPU = Release|Any CPU
	EndGlobalSection
	GlobalSection(ProjectConfigurationPlatforms) = postSolution
		{109AE08C-29D3-41CC-898F-A62E42D2E64A}.Debug|Any CPU.ActiveCfg = Debug|Any CPU
		{109AE08C-29D3-41CC-898F-A62E42D2E64A}.Debug|Any CPU.Build.0 = Debug|Any CPU
		{109AE08C-29D3-41CC-898F-A62E42D2E64A}.Release|Any CPU.ActiveCfg = Release|Any CPU
		{109AE08C-29D3-41CC-898F-A62E42D2E64A}.Release|Any CPU.Build.0 = Release|Any CPU
		{ED002BF2-9450-4932-8D4F-3D0E7D3BED99}.Debug|Any CPU.ActiveCfg = Debug|Any CPU
		{ED002BF2-9450-4932-8D4F-3D0E7D3BED99}.Debug|Any CPU.Build.0 = Debug|Any CPU
		{ED002BF2-9450-4932-8D4F-3D0E7D3BED99}.Release|Any CPU.ActiveCfg = Release|Any CPU
		{ED002BF2-9450-4932-8D4F-3D0E7D3BED99}.Release|Any CPU.Build.0 = Release|Any CPU
		{DF52B00B-0B1E-4122-9251-054CDEFADF78}.Debug|Any CPU.ActiveCfg = Debug|Any CPU
		{DF52B00B-0B1E-4122-9251-054CDEFADF78}.Debug|Any CPU.Build.0 = Debug|Any CPU
		{DF52B00B-0B1E-4122-9251-054CDEFADF78}.Release|Any CPU.ActiveCfg = Release|Any CPU
		{DF52B00B-0B1E-4122-9251-054CDEFADF78}.Release|Any CPU.Build.0 = Release|Any CPU
	EndGlobalSection
	GlobalSection(SolutionProperties) = preSolution
		HideSolutionNode = FALSE
	EndGlobalSection
	GlobalSection(ExtensibilityGlobals) = postSolution
		SolutionGuid = {CC2ECAFF-9663-4538-8859-36275D8071E8}
	EndGlobalSection
EndGlobal
